
Microsoft Visual Studio Solution File, Format Version 12.00
# Visual Studio Version 17
VisualStudioVersion = 17.2.32630.192
MinimumVisualStudioVersion = 10.0.40219.1
Project("{9A19103F-16F7-4668-BE54-9A1E7A4F7556}") = "R5T.L0078", "R5T.L0078\R5T.L0078.csproj", "{86542306-FA4E-4722-B30E-E14B6800AF3B}"
EndProject
Project("{2150E333-8FDC-42A3-9474-1A3956D46DE8}") = "_Dependencies", "_Dependencies", "{B5B911D8-D158-46B8-B548-1442101A50A5}"
EndProject
Project("{9A19103F-16F7-4668-BE54-9A1E7A4F7556}") = "R5T.L0066", "..\..\R5T.L0066\source\R5T.L0066\R5T.L0066.csproj", "{15C05E1C-43C4-4649-A6E9-CEC36332C5B0}"
EndProject
Project("{9A19103F-16F7-4668-BE54-9A1E7A4F7556}") = "R5T.T0131", "..\..\R5T.T0131\source\R5T.T0131\R5T.T0131.csproj", "{665EE088-C8BB-422B-9E9F-84C69CB4A23F}"
EndProject
Project("{9A19103F-16F7-4668-BE54-9A1E7A4F7556}") = "R5T.T0132", "..\..\R5T.T0132\source\R5T.T0132\R5T.T0132.csproj", "{2C25D549-C143-4C00-8331-364AC1363A1C}"
EndProject
Project("{9A19103F-16F7-4668-BE54-9A1E7A4F7556}") = "R5T.T0142", "..\..\R5T.T0142\source\R5T.T0142\R5T.T0142.csproj", "{DF7D0658-128F-4B61-ADEA-F90B5E4B5699}"
EndProject
Project("{9A19103F-16F7-4668-BE54-9A1E7A4F7556}") = "R5T.T0143", "..\..\R5T.T0143\source\R5T.T0143\R5T.T0143.csproj", "{453AD2F4-E6FE-4581-ACB4-862F2092DC96}"
EndProject
Project("{9A19103F-16F7-4668-BE54-9A1E7A4F7556}") = "R5T.T0156", "..\..\R5T.T0156\source\R5T.T0156\R5T.T0156.csproj", "{D707DB52-DD26-4F19-9862-2D69E7D74B4B}"
EndProject
Project("{9A19103F-16F7-4668-BE54-9A1E7A4F7556}") = "R5T.Y0006", "..\..\R5T.Y0006\source\R5T.Y0006\R5T.Y0006.csproj", "{7D11E5F1-A279-43FA-986C-AC0511714305}"
EndProject
Project("{9A19103F-16F7-4668-BE54-9A1E7A4F7556}") = "R5T.NG0005", "..\..\R5T.NG0005\source\R5T.NG0005\R5T.NG0005.csproj", "{88CBFB54-C9AD-4D95-BBBC-CB18F9544334}"
EndProject
Global
	GlobalSection(NestedProjects) = preSolution
		{15C05E1C-43C4-4649-A6E9-CEC36332C5B0} = {B5B911D8-D158-46B8-B548-1442101A50A5}
		{665EE088-C8BB-422B-9E9F-84C69CB4A23F} = {B5B911D8-D158-46B8-B548-1442101A50A5}
		{2C25D549-C143-4C00-8331-364AC1363A1C} = {B5B911D8-D158-46B8-B548-1442101A50A5}
		{DF7D0658-128F-4B61-ADEA-F90B5E4B5699} = {B5B911D8-D158-46B8-B548-1442101A50A5}
		{453AD2F4-E6FE-4581-ACB4-862F2092DC96} = {B5B911D8-D158-46B8-B548-1442101A50A5}
		{D707DB52-DD26-4F19-9862-2D69E7D74B4B} = {B5B911D8-D158-46B8-B548-1442101A50A5}
		{7D11E5F1-A279-43FA-986C-AC0511714305} = {B5B911D8-D158-46B8-B548-1442101A50A5}
		{88CBFB54-C9AD-4D95-BBBC-CB18F9544334} = {B5B911D8-D158-46B8-B548-1442101A50A5}
	EndGlobalSection
	GlobalSection(SolutionConfigurationPlatforms) = preSolution
		Debug|Any CPU = Debug|Any CPU
		Release|Any CPU = Release|Any CPU
	EndGlobalSection
	GlobalSection(ProjectConfigurationPlatforms) = postSolution
		{86542306-FA4E-4722-B30E-E14B6800AF3B}.Debug|Any CPU.ActiveCfg = Debug|Any CPU
		{86542306-FA4E-4722-B30E-E14B6800AF3B}.Debug|Any CPU.Build.0 = Debug|Any CPU
		{86542306-FA4E-4722-B30E-E14B6800AF3B}.Release|Any CPU.ActiveCfg = Release|Any CPU
		{86542306-FA4E-4722-B30E-E14B6800AF3B}.Release|Any CPU.Build.0 = Release|Any CPU
		{15C05E1C-43C4-4649-A6E9-CEC36332C5B0}.Debug|Any CPU.ActiveCfg = Debug|Any CPU
		{15C05E1C-43C4-4649-A6E9-CEC36332C5B0}.Debug|Any CPU.Build.0 = Debug|Any CPU
		{15C05E1C-43C4-4649-A6E9-CEC36332C5B0}.Release|Any CPU.ActiveCfg = Release|Any CPU
		{15C05E1C-43C4-4649-A6E9-CEC36332C5B0}.Release|Any CPU.Build.0 = Release|Any CPU
		{665EE088-C8BB-422B-9E9F-84C69CB4A23F}.Debug|Any CPU.ActiveCfg = Debug|Any CPU
		{665EE088-C8BB-422B-9E9F-84C69CB4A23F}.Debug|Any CPU.Build.0 = Debug|Any CPU
		{665EE088-C8BB-422B-9E9F-84C69CB4A23F}.Release|Any CPU.ActiveCfg = Release|Any CPU
		{665EE088-C8BB-422B-9E9F-84C69CB4A23F}.Release|Any CPU.Build.0 = Release|Any CPU
		{2C25D549-C143-4C00-8331-364AC1363A1C}.Debug|Any CPU.ActiveCfg = Debug|Any CPU
		{2C25D549-C143-4C00-8331-364AC1363A1C}.Debug|Any CPU.Build.0 = Debug|Any CPU
		{2C25D549-C143-4C00-8331-364AC1363A1C}.Release|Any CPU.ActiveCfg = Release|Any CPU
		{2C25D549-C143-4C00-8331-364AC1363A1C}.Release|Any CPU.Build.0 = Release|Any CPU
		{DF7D0658-128F-4B61-ADEA-F90B5E4B5699}.Debug|Any CPU.ActiveCfg = Debug|Any CPU
		{DF7D0658-128F-4B61-ADEA-F90B5E4B5699}.Debug|Any CPU.Build.0 = Debug|Any CPU
		{DF7D0658-128F-4B61-ADEA-F90B5E4B5699}.Release|Any CPU.ActiveCfg = Release|Any CPU
		{DF7D0658-128F-4B61-ADEA-F90B5E4B5699}.Release|Any CPU.Build.0 = Release|Any CPU
		{453AD2F4-E6FE-4581-ACB4-862F2092DC96}.Debug|Any CPU.ActiveCfg = Debug|Any CPU
		{453AD2F4-E6FE-4581-ACB4-862F2092DC96}.Debug|Any CPU.Build.0 = Debug|Any CPU
		{453AD2F4-E6FE-4581-ACB4-862F2092DC96}.Release|Any CPU.ActiveCfg = Release|Any CPU
		{453AD2F4-E6FE-4581-ACB4-862F2092DC96}.Release|Any CPU.Build.0 = Release|Any CPU
		{D707DB52-DD26-4F19-9862-2D69E7D74B4B}.Debug|Any CPU.ActiveCfg = Debug|Any CPU
		{D707DB52-DD26-4F19-9862-2D69E7D74B4B}.Debug|Any CPU.Build.0 = Debug|Any CPU
		{D707DB52-DD26-4F19-9862-2D69E7D74B4B}.Release|Any CPU.ActiveCfg = Release|Any CPU
		{D707DB52-DD26-4F19-9862-2D69E7D74B4B}.Release|Any CPU.Build.0 = Release|Any CPU
		{7D11E5F1-A279-43FA-986C-AC0511714305}.Debug|Any CPU.ActiveCfg = Debug|Any CPU
		{7D11E5F1-A279-43FA-986C-AC0511714305}.Debug|Any CPU.Build.0 = Debug|Any CPU
		{7D11E5F1-A279-43FA-986C-AC0511714305}.Release|Any CPU.ActiveCfg = Release|Any CPU
		{7D11E5F1-A279-43FA-986C-AC0511714305}.Release|Any CPU.Build.0 = Release|Any CPU
		{88CBFB54-C9AD-4D95-BBBC-CB18F9544334}.Debug|Any CPU.ActiveCfg = Debug|Any CPU
		{88CBFB54-C9AD-4D95-BBBC-CB18F9544334}.Debug|Any CPU.Build.0 = Debug|Any CPU
		{88CBFB54-C9AD-4D95-BBBC-CB18F9544334}.Release|Any CPU.ActiveCfg = Release|Any CPU
		{88CBFB54-C9AD-4D95-BBBC-CB18F9544334}.Release|Any CPU.Build.0 = Release|Any CPU
	EndGlobalSection
	GlobalSection(SolutionProperties) = preSolution
		HideSolutionNode = FALSE
	EndGlobalSection
	GlobalSection(ExtensibilityGlobals) = postSolution
		SolutionGuid = {F722AD36-6EBD-400A-B230-F63AC6120831}
	EndGlobalSection
EndGlobal
