
Microsoft Visual Studio Solution File, Format Version 12.00
# Visual Studio Version 17
VisualStudioVersion = 17.2.32630.192
MinimumVisualStudioVersion = 10.0.40219.1
Project("{9A19103F-16F7-4668-BE54-9A1E7A4F7556}") = "R5T.L0078.Construction", "R5T.L0078.Construction\R5T.L0078.Construction.csproj", "{62E207A7-063C-4447-8C3F-19B8A2B43E93}"
EndProject
Project("{9A19103F-16F7-4668-BE54-9A1E7A4F7556}") = "R5T.L0078", "R5T.L0078\R5T.L0078.csproj", "{944803F6-7669-4B86-B5DD-48868E5A4C74}"
EndProject
Project("{2150E333-8FDC-42A3-9474-1A3956D46DE8}") = "_Dependencies", "_Dependencies", "{5D601779-9529-40A1-8983-A16B02FBA58C}"
EndProject
Project("{9A19103F-16F7-4668-BE54-9A1E7A4F7556}") = "R5T.L0066", "..\..\R5T.L0066\source\R5T.L0066\R5T.L0066.csproj", "{DD717FB0-07F9-449F-9133-8C652535AAF9}"
EndProject
Project("{9A19103F-16F7-4668-BE54-9A1E7A4F7556}") = "R5T.T0131", "..\..\R5T.T0131\source\R5T.T0131\R5T.T0131.csproj", "{7E8FE247-9776-4E4E-91EA-C48910DD5A3B}"
EndProject
Project("{9A19103F-16F7-4668-BE54-9A1E7A4F7556}") = "R5T.T0132", "..\..\R5T.T0132\source\R5T.T0132\R5T.T0132.csproj", "{94521940-2342-451F-A711-E489AA081911}"
EndProject
Project("{9A19103F-16F7-4668-BE54-9A1E7A4F7556}") = "R5T.T0142", "..\..\R5T.T0142\source\R5T.T0142\R5T.T0142.csproj", "{3E605219-D4D0-427C-B76B-7B9EA2A8419A}"
EndProject
Project("{9A19103F-16F7-4668-BE54-9A1E7A4F7556}") = "R5T.T0143", "..\..\R5T.T0143\source\R5T.T0143\R5T.T0143.csproj", "{C3B01E7A-7EA8-476D-A7F5-620D83AF2ABD}"
EndProject
Project("{9A19103F-16F7-4668-BE54-9A1E7A4F7556}") = "R5T.T0156", "..\..\R5T.T0156\source\R5T.T0156\R5T.T0156.csproj", "{BE0DA095-6764-48B1-83B6-5FC9625A010A}"
EndProject
Project("{9A19103F-16F7-4668-BE54-9A1E7A4F7556}") = "R5T.Y0006", "..\..\R5T.Y0006\source\R5T.Y0006\R5T.Y0006.csproj", "{A0F1CEDD-8FC7-4EAD-8766-0D2B1CB53E9F}"
EndProject
Project("{9A19103F-16F7-4668-BE54-9A1E7A4F7556}") = "R5T.NG0005", "..\..\R5T.NG0005\source\R5T.NG0005\R5T.NG0005.csproj", "{853D662A-B55B-4504-9CA4-13471C83B615}"
EndProject
Project("{9A19103F-16F7-4668-BE54-9A1E7A4F7556}") = "R5T.L0078.T000", "R5T.L0078.T000\R5T.L0078.T000.csproj", "{C0BBAA11-C84E-4E30-9ABD-D0E50827562A}"
EndProject
Project("{9A19103F-16F7-4668-BE54-9A1E7A4F7556}") = "R5T.F0000", "..\..\R5T.F0000\source\R5T.F0000\R5T.F0000.csproj", "{E9F4C7C2-326E-4DE8-90CC-D9458D3EE3AE}"
EndProject
Project("{9A19103F-16F7-4668-BE54-9A1E7A4F7556}") = "R5T.F0002", "..\..\R5T.F0002\source\R5T.F0002\R5T.F0002.csproj", "{550149F4-5384-4F13-B9E8-C0CCAC3CEC32}"
EndProject
Project("{9A19103F-16F7-4668-BE54-9A1E7A4F7556}") = "R5T.F0059", "..\..\R5T.F0059\source\R5T.F0059\R5T.F0059.csproj", "{59D41EBB-5228-455C-A7EB-82687CFA6C67}"
EndProject
Project("{9A19103F-16F7-4668-BE54-9A1E7A4F7556}") = "R5T.F0120", "..\..\R5T.F0120\source\R5T.F0120\R5T.F0120.csproj", "{4FAE4A42-407E-4178-9AA0-271DEA908090}"
EndProject
Project("{9A19103F-16F7-4668-BE54-9A1E7A4F7556}") = "R5T.F0124", "..\..\R5T.F0124\source\R5T.F0124\R5T.F0124.csproj", "{44F41E2B-65EF-4789-827A-B5D3C700581D}"
EndProject
Project("{9A19103F-16F7-4668-BE54-9A1E7A4F7556}") = "R5T.F0125", "..\..\R5T.F0125\source\R5T.F0125\R5T.F0125.csproj", "{FD16D22B-2DD0-43CA-8986-D249A085BC10}"
EndProject
Project("{9A19103F-16F7-4668-BE54-9A1E7A4F7556}") = "R5T.L0030.T000", "..\..\R5T.L0030\source\R5T.L0030.T000\R5T.L0030.T000.csproj", "{66DD2200-C3FD-499B-A6B7-9DDA2BEC7C2A}"
EndProject
Project("{9A19103F-16F7-4668-BE54-9A1E7A4F7556}") = "R5T.L0030", "..\..\R5T.L0030\source\R5T.L0030\R5T.L0030.csproj", "{C01D9A83-E5DD-4BC4-8BEF-7B23924EC626}"
EndProject
Project("{9A19103F-16F7-4668-BE54-9A1E7A4F7556}") = "R5T.L0034", "..\..\R5T.L0034\source\R5T.L0034\R5T.L0034.csproj", "{150CC226-53A6-4F84-94E2-184D11C71C2C}"
EndProject
Project("{9A19103F-16F7-4668-BE54-9A1E7A4F7556}") = "R5T.L0035", "..\..\R5T.L0035\source\R5T.L0035\R5T.L0035.csproj", "{F3C57B0D-7D87-40F0-B5E4-D0599F4D8BD9}"
EndProject
Project("{9A19103F-16F7-4668-BE54-9A1E7A4F7556}") = "R5T.L0053", "..\..\R5T.L0053\source\R5T.L0053\R5T.L0053.csproj", "{80BCC9D5-D989-4BFE-9AB2-463CAEF243FC}"
EndProject
Project("{9A19103F-16F7-4668-BE54-9A1E7A4F7556}") = "R5T.L0056", "..\..\R5T.L0056\source\R5T.L0056\R5T.L0056.csproj", "{8ABBE250-F4E9-43D6-84DE-57F4191793B6}"
EndProject
Project("{9A19103F-16F7-4668-BE54-9A1E7A4F7556}") = "R5T.L0071", "..\..\R5T.L0071\source\R5T.L0071\R5T.L0071.csproj", "{8845E857-A21F-403F-80E2-753C01480FDE}"
EndProject
Project("{9A19103F-16F7-4668-BE54-9A1E7A4F7556}") = "R5T.L0074", "..\..\R5T.L0074\source\R5T.L0074\R5T.L0074.csproj", "{A2A34D94-1E59-4259-AC58-B121BB88D875}"
EndProject
Project("{9A19103F-16F7-4668-BE54-9A1E7A4F7556}") = "R5T.NG0006", "..\..\R5T.NG0006\source\R5T.NG0006\R5T.NG0006.csproj", "{6F998DC1-79A6-4657-A70C-E0AF22A52012}"
EndProject
Project("{9A19103F-16F7-4668-BE54-9A1E7A4F7556}") = "R5T.NG0022", "..\..\R5T.NG0022\source\R5T.NG0022\R5T.NG0022.csproj", "{F9DE82FA-1920-4C4A-8E9F-00C7BECE0913}"
EndProject
Project("{9A19103F-16F7-4668-BE54-9A1E7A4F7556}") = "R5T.T0150", "..\..\R5T.T0150\source\R5T.T0150\R5T.T0150.csproj", "{CB375AE5-E688-475B-A1AB-1BD190DB53FF}"
EndProject
Project("{9A19103F-16F7-4668-BE54-9A1E7A4F7556}") = "R5T.T0151", "..\..\R5T.T0151\source\R5T.T0151\R5T.T0151.csproj", "{E961FFE4-443A-4100-AA80-2DC3DF43ED72}"
EndProject
Project("{9A19103F-16F7-4668-BE54-9A1E7A4F7556}") = "R5T.T0158", "..\..\R5T.T0158\source\R5T.T0158\R5T.T0158.csproj", "{B7D9F726-4CE1-413D-8ADC-E00106C03CA8}"
EndProject
Project("{9A19103F-16F7-4668-BE54-9A1E7A4F7556}") = "R5T.T0159", "..\..\R5T.T0159\source\R5T.T0159\R5T.T0159.csproj", "{9A56B231-7AE7-4D51-AEC2-6E7AC29CC84F}"
EndProject
Project("{9A19103F-16F7-4668-BE54-9A1E7A4F7556}") = "R5T.T0172", "..\..\R5T.T0172\source\R5T.T0172\R5T.T0172.csproj", "{A30B1173-6578-49F3-A1AD-CAF64C07EB44}"
EndProject
Project("{9A19103F-16F7-4668-BE54-9A1E7A4F7556}") = "R5T.T0174", "..\..\R5T.T0174\source\R5T.T0174\R5T.T0174.csproj", "{A89DD962-DA0A-4883-AB7A-90AE02AFCA45}"
EndProject
Project("{9A19103F-16F7-4668-BE54-9A1E7A4F7556}") = "R5T.T0176", "..\..\R5T.T0176\source\R5T.T0176\R5T.T0176.csproj", "{367111D3-DE05-469F-B445-0779629CBFF3}"
EndProject
Project("{9A19103F-16F7-4668-BE54-9A1E7A4F7556}") = "R5T.T0177", "..\..\R5T.T0177\source\R5T.T0177\R5T.T0177.csproj", "{04F924CD-3803-43B2-A7BB-27646147216B}"
EndProject
Project("{9A19103F-16F7-4668-BE54-9A1E7A4F7556}") = "R5T.T0178", "..\..\R5T.T0178\source\R5T.T0178\R5T.T0178.csproj", "{1F8F143B-25C2-4B7C-BAFD-0728440C3CB1}"
EndProject
Project("{9A19103F-16F7-4668-BE54-9A1E7A4F7556}") = "R5T.T0179", "..\..\R5T.T0179\source\R5T.T0179\R5T.T0179.csproj", "{9B951B68-136B-486D-B6A1-8BE812D8039D}"
EndProject
Project("{9A19103F-16F7-4668-BE54-9A1E7A4F7556}") = "R5T.T0180", "..\..\R5T.T0180\source\R5T.T0180\R5T.T0180.csproj", "{18F32F4B-9917-454D-88F4-561F6C90D8A4}"
EndProject
Project("{9A19103F-16F7-4668-BE54-9A1E7A4F7556}") = "R5T.T0181", "..\..\R5T.T0181\source\R5T.T0181\R5T.T0181.csproj", "{85CD4170-182C-470C-AFC0-307CA2141293}"
EndProject
Project("{9A19103F-16F7-4668-BE54-9A1E7A4F7556}") = "R5T.T0185", "..\..\R5T.T0185\source\R5T.T0185\R5T.T0185.csproj", "{1BE8E495-22D7-480B-9A15-501D84D3C64E}"
EndProject
Project("{9A19103F-16F7-4668-BE54-9A1E7A4F7556}") = "R5T.T0199.T000", "..\..\R5T.T0199\source\R5T.T0199.T000\R5T.T0199.T000.csproj", "{8906A472-122B-42CD-952E-DF3E4CF50506}"
EndProject
Project("{9A19103F-16F7-4668-BE54-9A1E7A4F7556}") = "R5T.T0199.T001", "..\..\R5T.T0199\source\R5T.T0199.T001\R5T.T0199.T001.csproj", "{394D65F5-C918-42B1-8156-3FB86A952665}"
EndProject
Project("{9A19103F-16F7-4668-BE54-9A1E7A4F7556}") = "R5T.T0199", "..\..\R5T.T0199\source\R5T.T0199\R5T.T0199.csproj", "{55E9623A-A8DD-48F2-8E1E-DBC57180E6C3}"
EndProject
Project("{9A19103F-16F7-4668-BE54-9A1E7A4F7556}") = "R5T.T0203", "..\..\R5T.T0203\source\R5T.T0203\R5T.T0203.csproj", "{6B6194E0-5A86-4FFA-95D1-B1CC98012642}"
EndProject
Project("{9A19103F-16F7-4668-BE54-9A1E7A4F7556}") = "R5T.T0213", "..\..\R5T.T0213\source\R5T.T0213\R5T.T0213.csproj", "{E7EE6D79-1DAF-4F99-8CC1-3AA10FED656A}"
EndProject
Project("{9A19103F-16F7-4668-BE54-9A1E7A4F7556}") = "R5T.T0218", "..\..\R5T.T0218\source\R5T.T0218\R5T.T0218.csproj", "{4AC037B8-E0AC-4B4D-BFC1-CB56B69E3424}"
EndProject
Project("{9A19103F-16F7-4668-BE54-9A1E7A4F7556}") = "R5T.T0219", "..\..\R5T.T0219\source\R5T.T0219\R5T.T0219.csproj", "{CD9A0F6F-E452-4FCA-9104-0D7D9077BD21}"
EndProject
Project("{9A19103F-16F7-4668-BE54-9A1E7A4F7556}") = "R5T.T0220", "..\..\R5T.T0220\source\R5T.T0220\R5T.T0220.csproj", "{E1610AE7-28F8-49C2-A4EC-A7C966C8E02A}"
EndProject
Project("{9A19103F-16F7-4668-BE54-9A1E7A4F7556}") = "R5T.T0221", "..\..\R5T.T0221\source\R5T.T0221\R5T.T0221.csproj", "{C6DA084B-ECFB-49EB-8C02-EE3DFEFC86B5}"
EndProject
Project("{9A19103F-16F7-4668-BE54-9A1E7A4F7556}") = "R5T.T0227", "..\..\R5T.T0227\source\R5T.T0227\R5T.T0227.csproj", "{D8E12E9F-35CB-41A0-822B-1832C168CDF3}"
EndProject
Project("{9A19103F-16F7-4668-BE54-9A1E7A4F7556}") = "R5T.Y0000", "..\..\R5T.Y0000\source\R5T.Y0000\R5T.Y0000.csproj", "{D27F233B-9E0F-4C37-B4C7-CE5DC36B2BFD}"
EndProject
Project("{9A19103F-16F7-4668-BE54-9A1E7A4F7556}") = "R5T.Z0000", "..\..\R5T.Z0000\source\R5T.Z0000\R5T.Z0000.csproj", "{3CAAAE61-0995-4B80-A58D-8577173B1D04}"
EndProject
Project("{9A19103F-16F7-4668-BE54-9A1E7A4F7556}") = "R5T.Z0010.Platform", "..\..\R5T.Z0010\source\R5T.Z0010.Platform\R5T.Z0010.Platform.csproj", "{D92C5126-CD13-4430-AB63-13000DF5B151}"
EndProject
Project("{9A19103F-16F7-4668-BE54-9A1E7A4F7556}") = "R5T.Z0010", "..\..\R5T.Z0010\source\R5T.Z0010\R5T.Z0010.csproj", "{B02BB985-DFE5-434D-ABBA-DEE0ECB28735}"
EndProject
Project("{9A19103F-16F7-4668-BE54-9A1E7A4F7556}") = "R5T.Z0057.Platform", "..\..\R5T.Z0057\source\R5T.Z0057.Platform\R5T.Z0057.Platform.csproj", "{90CBA055-696A-4878-97DA-A3CC0618BA6E}"
EndProject
Project("{9A19103F-16F7-4668-BE54-9A1E7A4F7556}") = "R5T.Z0057", "..\..\R5T.Z0057\source\R5T.Z0057\R5T.Z0057.csproj", "{399DF78C-ED38-477C-906B-497DCC076612}"
EndProject
Project("{9A19103F-16F7-4668-BE54-9A1E7A4F7556}") = "R5T.Z0058", "..\..\R5T.Z0058\source\R5T.Z0058\R5T.Z0058.csproj", "{BDD04791-A2AA-4F73-AD2B-A28686183A4B}"
EndProject
Project("{9A19103F-16F7-4668-BE54-9A1E7A4F7556}") = "R5T.L0078.F001", "R5T.L0078.F001\R5T.L0078.F001.csproj", "{7347D980-5267-4E4A-8C74-7530DF816456}"
EndProject
Project("{9A19103F-16F7-4668-BE54-9A1E7A4F7556}") = "R5T.L0078.O001", "R5T.L0078.O001\R5T.L0078.O001.csproj", "{84E4F4FB-0512-4E93-956A-3F1DADC5039B}"
EndProject
Global
	GlobalSection(NestedProjects) = preSolution
		{DD717FB0-07F9-449F-9133-8C652535AAF9} = {5D601779-9529-40A1-8983-A16B02FBA58C}
		{7E8FE247-9776-4E4E-91EA-C48910DD5A3B} = {5D601779-9529-40A1-8983-A16B02FBA58C}
		{94521940-2342-451F-A711-E489AA081911} = {5D601779-9529-40A1-8983-A16B02FBA58C}
		{3E605219-D4D0-427C-B76B-7B9EA2A8419A} = {5D601779-9529-40A1-8983-A16B02FBA58C}
		{C3B01E7A-7EA8-476D-A7F5-620D83AF2ABD} = {5D601779-9529-40A1-8983-A16B02FBA58C}
		{BE0DA095-6764-48B1-83B6-5FC9625A010A} = {5D601779-9529-40A1-8983-A16B02FBA58C}
		{A0F1CEDD-8FC7-4EAD-8766-0D2B1CB53E9F} = {5D601779-9529-40A1-8983-A16B02FBA58C}
		{853D662A-B55B-4504-9CA4-13471C83B615} = {5D601779-9529-40A1-8983-A16B02FBA58C}
		{E9F4C7C2-326E-4DE8-90CC-D9458D3EE3AE} = {5D601779-9529-40A1-8983-A16B02FBA58C}
		{550149F4-5384-4F13-B9E8-C0CCAC3CEC32} = {5D601779-9529-40A1-8983-A16B02FBA58C}
		{59D41EBB-5228-455C-A7EB-82687CFA6C67} = {5D601779-9529-40A1-8983-A16B02FBA58C}
		{4FAE4A42-407E-4178-9AA0-271DEA908090} = {5D601779-9529-40A1-8983-A16B02FBA58C}
		{44F41E2B-65EF-4789-827A-B5D3C700581D} = {5D601779-9529-40A1-8983-A16B02FBA58C}
		{FD16D22B-2DD0-43CA-8986-D249A085BC10} = {5D601779-9529-40A1-8983-A16B02FBA58C}
		{66DD2200-C3FD-499B-A6B7-9DDA2BEC7C2A} = {5D601779-9529-40A1-8983-A16B02FBA58C}
		{C01D9A83-E5DD-4BC4-8BEF-7B23924EC626} = {5D601779-9529-40A1-8983-A16B02FBA58C}
		{150CC226-53A6-4F84-94E2-184D11C71C2C} = {5D601779-9529-40A1-8983-A16B02FBA58C}
		{F3C57B0D-7D87-40F0-B5E4-D0599F4D8BD9} = {5D601779-9529-40A1-8983-A16B02FBA58C}
		{80BCC9D5-D989-4BFE-9AB2-463CAEF243FC} = {5D601779-9529-40A1-8983-A16B02FBA58C}
		{8ABBE250-F4E9-43D6-84DE-57F4191793B6} = {5D601779-9529-40A1-8983-A16B02FBA58C}
		{8845E857-A21F-403F-80E2-753C01480FDE} = {5D601779-9529-40A1-8983-A16B02FBA58C}
		{A2A34D94-1E59-4259-AC58-B121BB88D875} = {5D601779-9529-40A1-8983-A16B02FBA58C}
		{6F998DC1-79A6-4657-A70C-E0AF22A52012} = {5D601779-9529-40A1-8983-A16B02FBA58C}
		{F9DE82FA-1920-4C4A-8E9F-00C7BECE0913} = {5D601779-9529-40A1-8983-A16B02FBA58C}
		{CB375AE5-E688-475B-A1AB-1BD190DB53FF} = {5D601779-9529-40A1-8983-A16B02FBA58C}
		{E961FFE4-443A-4100-AA80-2DC3DF43ED72} = {5D601779-9529-40A1-8983-A16B02FBA58C}
		{B7D9F726-4CE1-413D-8ADC-E00106C03CA8} = {5D601779-9529-40A1-8983-A16B02FBA58C}
		{9A56B231-7AE7-4D51-AEC2-6E7AC29CC84F} = {5D601779-9529-40A1-8983-A16B02FBA58C}
		{A30B1173-6578-49F3-A1AD-CAF64C07EB44} = {5D601779-9529-40A1-8983-A16B02FBA58C}
		{A89DD962-DA0A-4883-AB7A-90AE02AFCA45} = {5D601779-9529-40A1-8983-A16B02FBA58C}
		{367111D3-DE05-469F-B445-0779629CBFF3} = {5D601779-9529-40A1-8983-A16B02FBA58C}
		{04F924CD-3803-43B2-A7BB-27646147216B} = {5D601779-9529-40A1-8983-A16B02FBA58C}
		{1F8F143B-25C2-4B7C-BAFD-0728440C3CB1} = {5D601779-9529-40A1-8983-A16B02FBA58C}
		{9B951B68-136B-486D-B6A1-8BE812D8039D} = {5D601779-9529-40A1-8983-A16B02FBA58C}
		{18F32F4B-9917-454D-88F4-561F6C90D8A4} = {5D601779-9529-40A1-8983-A16B02FBA58C}
		{85CD4170-182C-470C-AFC0-307CA2141293} = {5D601779-9529-40A1-8983-A16B02FBA58C}
		{1BE8E495-22D7-480B-9A15-501D84D3C64E} = {5D601779-9529-40A1-8983-A16B02FBA58C}
		{8906A472-122B-42CD-952E-DF3E4CF50506} = {5D601779-9529-40A1-8983-A16B02FBA58C}
		{394D65F5-C918-42B1-8156-3FB86A952665} = {5D601779-9529-40A1-8983-A16B02FBA58C}
		{55E9623A-A8DD-48F2-8E1E-DBC57180E6C3} = {5D601779-9529-40A1-8983-A16B02FBA58C}
		{6B6194E0-5A86-4FFA-95D1-B1CC98012642} = {5D601779-9529-40A1-8983-A16B02FBA58C}
		{E7EE6D79-1DAF-4F99-8CC1-3AA10FED656A} = {5D601779-9529-40A1-8983-A16B02FBA58C}
		{4AC037B8-E0AC-4B4D-BFC1-CB56B69E3424} = {5D601779-9529-40A1-8983-A16B02FBA58C}
		{CD9A0F6F-E452-4FCA-9104-0D7D9077BD21} = {5D601779-9529-40A1-8983-A16B02FBA58C}
		{E1610AE7-28F8-49C2-A4EC-A7C966C8E02A} = {5D601779-9529-40A1-8983-A16B02FBA58C}
		{C6DA084B-ECFB-49EB-8C02-EE3DFEFC86B5} = {5D601779-9529-40A1-8983-A16B02FBA58C}
		{D8E12E9F-35CB-41A0-822B-1832C168CDF3} = {5D601779-9529-40A1-8983-A16B02FBA58C}
		{D27F233B-9E0F-4C37-B4C7-CE5DC36B2BFD} = {5D601779-9529-40A1-8983-A16B02FBA58C}
		{3CAAAE61-0995-4B80-A58D-8577173B1D04} = {5D601779-9529-40A1-8983-A16B02FBA58C}
		{D92C5126-CD13-4430-AB63-13000DF5B151} = {5D601779-9529-40A1-8983-A16B02FBA58C}
		{B02BB985-DFE5-434D-ABBA-DEE0ECB28735} = {5D601779-9529-40A1-8983-A16B02FBA58C}
		{90CBA055-696A-4878-97DA-A3CC0618BA6E} = {5D601779-9529-40A1-8983-A16B02FBA58C}
		{399DF78C-ED38-477C-906B-497DCC076612} = {5D601779-9529-40A1-8983-A16B02FBA58C}
		{BDD04791-A2AA-4F73-AD2B-A28686183A4B} = {5D601779-9529-40A1-8983-A16B02FBA58C}
	EndGlobalSection
	GlobalSection(SolutionConfigurationPlatforms) = preSolution
		Debug|Any CPU = Debug|Any CPU
		Release|Any CPU = Release|Any CPU
	EndGlobalSection
	GlobalSection(ProjectConfigurationPlatforms) = postSolution
		{62E207A7-063C-4447-8C3F-19B8A2B43E93}.Debug|Any CPU.ActiveCfg = Debug|Any CPU
		{62E207A7-063C-4447-8C3F-19B8A2B43E93}.Debug|Any CPU.Build.0 = Debug|Any CPU
		{62E207A7-063C-4447-8C3F-19B8A2B43E93}.Release|Any CPU.ActiveCfg = Release|Any CPU
		{62E207A7-063C-4447-8C3F-19B8A2B43E93}.Release|Any CPU.Build.0 = Release|Any CPU
		{944803F6-7669-4B86-B5DD-48868E5A4C74}.Debug|Any CPU.ActiveCfg = Debug|Any CPU
		{944803F6-7669-4B86-B5DD-48868E5A4C74}.Debug|Any CPU.Build.0 = Debug|Any CPU
		{944803F6-7669-4B86-B5DD-48868E5A4C74}.Release|Any CPU.ActiveCfg = Release|Any CPU
		{944803F6-7669-4B86-B5DD-48868E5A4C74}.Release|Any CPU.Build.0 = Release|Any CPU
		{DD717FB0-07F9-449F-9133-8C652535AAF9}.Debug|Any CPU.ActiveCfg = Debug|Any CPU
		{DD717FB0-07F9-449F-9133-8C652535AAF9}.Debug|Any CPU.Build.0 = Debug|Any CPU
		{DD717FB0-07F9-449F-9133-8C652535AAF9}.Release|Any CPU.ActiveCfg = Release|Any CPU
		{DD717FB0-07F9-449F-9133-8C652535AAF9}.Release|Any CPU.Build.0 = Release|Any CPU
		{7E8FE247-9776-4E4E-91EA-C48910DD5A3B}.Debug|Any CPU.ActiveCfg = Debug|Any CPU
		{7E8FE247-9776-4E4E-91EA-C48910DD5A3B}.Debug|Any CPU.Build.0 = Debug|Any CPU
		{7E8FE247-9776-4E4E-91EA-C48910DD5A3B}.Release|Any CPU.ActiveCfg = Release|Any CPU
		{7E8FE247-9776-4E4E-91EA-C48910DD5A3B}.Release|Any CPU.Build.0 = Release|Any CPU
		{94521940-2342-451F-A711-E489AA081911}.Debug|Any CPU.ActiveCfg = Debug|Any CPU
		{94521940-2342-451F-A711-E489AA081911}.Debug|Any CPU.Build.0 = Debug|Any CPU
		{94521940-2342-451F-A711-E489AA081911}.Release|Any CPU.ActiveCfg = Release|Any CPU
		{94521940-2342-451F-A711-E489AA081911}.Release|Any CPU.Build.0 = Release|Any CPU
		{3E605219-D4D0-427C-B76B-7B9EA2A8419A}.Debug|Any CPU.ActiveCfg = Debug|Any CPU
		{3E605219-D4D0-427C-B76B-7B9EA2A8419A}.Debug|Any CPU.Build.0 = Debug|Any CPU
		{3E605219-D4D0-427C-B76B-7B9EA2A8419A}.Release|Any CPU.ActiveCfg = Release|Any CPU
		{3E605219-D4D0-427C-B76B-7B9EA2A8419A}.Release|Any CPU.Build.0 = Release|Any CPU
		{C3B01E7A-7EA8-476D-A7F5-620D83AF2ABD}.Debug|Any CPU.ActiveCfg = Debug|Any CPU
		{C3B01E7A-7EA8-476D-A7F5-620D83AF2ABD}.Debug|Any CPU.Build.0 = Debug|Any CPU
		{C3B01E7A-7EA8-476D-A7F5-620D83AF2ABD}.Release|Any CPU.ActiveCfg = Release|Any CPU
		{C3B01E7A-7EA8-476D-A7F5-620D83AF2ABD}.Release|Any CPU.Build.0 = Release|Any CPU
		{BE0DA095-6764-48B1-83B6-5FC9625A010A}.Debug|Any CPU.ActiveCfg = Debug|Any CPU
		{BE0DA095-6764-48B1-83B6-5FC9625A010A}.Debug|Any CPU.Build.0 = Debug|Any CPU
		{BE0DA095-6764-48B1-83B6-5FC9625A010A}.Release|Any CPU.ActiveCfg = Release|Any CPU
		{BE0DA095-6764-48B1-83B6-5FC9625A010A}.Release|Any CPU.Build.0 = Release|Any CPU
		{A0F1CEDD-8FC7-4EAD-8766-0D2B1CB53E9F}.Debug|Any CPU.ActiveCfg = Debug|Any CPU
		{A0F1CEDD-8FC7-4EAD-8766-0D2B1CB53E9F}.Debug|Any CPU.Build.0 = Debug|Any CPU
		{A0F1CEDD-8FC7-4EAD-8766-0D2B1CB53E9F}.Release|Any CPU.ActiveCfg = Release|Any CPU
		{A0F1CEDD-8FC7-4EAD-8766-0D2B1CB53E9F}.Release|Any CPU.Build.0 = Release|Any CPU
		{853D662A-B55B-4504-9CA4-13471C83B615}.Debug|Any CPU.ActiveCfg = Debug|Any CPU
		{853D662A-B55B-4504-9CA4-13471C83B615}.Debug|Any CPU.Build.0 = Debug|Any CPU
		{853D662A-B55B-4504-9CA4-13471C83B615}.Release|Any CPU.ActiveCfg = Release|Any CPU
		{853D662A-B55B-4504-9CA4-13471C83B615}.Release|Any CPU.Build.0 = Release|Any CPU
		{C0BBAA11-C84E-4E30-9ABD-D0E50827562A}.Debug|Any CPU.ActiveCfg = Debug|Any CPU
		{C0BBAA11-C84E-4E30-9ABD-D0E50827562A}.Debug|Any CPU.Build.0 = Debug|Any CPU
		{C0BBAA11-C84E-4E30-9ABD-D0E50827562A}.Release|Any CPU.ActiveCfg = Release|Any CPU
		{C0BBAA11-C84E-4E30-9ABD-D0E50827562A}.Release|Any CPU.Build.0 = Release|Any CPU
		{E9F4C7C2-326E-4DE8-90CC-D9458D3EE3AE}.Debug|Any CPU.ActiveCfg = Debug|Any CPU
		{E9F4C7C2-326E-4DE8-90CC-D9458D3EE3AE}.Debug|Any CPU.Build.0 = Debug|Any CPU
		{E9F4C7C2-326E-4DE8-90CC-D9458D3EE3AE}.Release|Any CPU.ActiveCfg = Release|Any CPU
		{E9F4C7C2-326E-4DE8-90CC-D9458D3EE3AE}.Release|Any CPU.Build.0 = Release|Any CPU
		{550149F4-5384-4F13-B9E8-C0CCAC3CEC32}.Debug|Any CPU.ActiveCfg = Debug|Any CPU
		{550149F4-5384-4F13-B9E8-C0CCAC3CEC32}.Debug|Any CPU.Build.0 = Debug|Any CPU
		{550149F4-5384-4F13-B9E8-C0CCAC3CEC32}.Release|Any CPU.ActiveCfg = Release|Any CPU
		{550149F4-5384-4F13-B9E8-C0CCAC3CEC32}.Release|Any CPU.Build.0 = Release|Any CPU
		{59D41EBB-5228-455C-A7EB-82687CFA6C67}.Debug|Any CPU.ActiveCfg = Debug|Any CPU
		{59D41EBB-5228-455C-A7EB-82687CFA6C67}.Debug|Any CPU.Build.0 = Debug|Any CPU
		{59D41EBB-5228-455C-A7EB-82687CFA6C67}.Release|Any CPU.ActiveCfg = Release|Any CPU
		{59D41EBB-5228-455C-A7EB-82687CFA6C67}.Release|Any CPU.Build.0 = Release|Any CPU
		{4FAE4A42-407E-4178-9AA0-271DEA908090}.Debug|Any CPU.ActiveCfg = Debug|Any CPU
		{4FAE4A42-407E-4178-9AA0-271DEA908090}.Debug|Any CPU.Build.0 = Debug|Any CPU
		{4FAE4A42-407E-4178-9AA0-271DEA908090}.Release|Any CPU.ActiveCfg = Release|Any CPU
		{4FAE4A42-407E-4178-9AA0-271DEA908090}.Release|Any CPU.Build.0 = Release|Any CPU
		{44F41E2B-65EF-4789-827A-B5D3C700581D}.Debug|Any CPU.ActiveCfg = Debug|Any CPU
		{44F41E2B-65EF-4789-827A-B5D3C700581D}.Debug|Any CPU.Build.0 = Debug|Any CPU
		{44F41E2B-65EF-4789-827A-B5D3C700581D}.Release|Any CPU.ActiveCfg = Release|Any CPU
		{44F41E2B-65EF-4789-827A-B5D3C700581D}.Release|Any CPU.Build.0 = Release|Any CPU
		{FD16D22B-2DD0-43CA-8986-D249A085BC10}.Debug|Any CPU.ActiveCfg = Debug|Any CPU
		{FD16D22B-2DD0-43CA-8986-D249A085BC10}.Debug|Any CPU.Build.0 = Debug|Any CPU
		{FD16D22B-2DD0-43CA-8986-D249A085BC10}.Release|Any CPU.ActiveCfg = Release|Any CPU
		{FD16D22B-2DD0-43CA-8986-D249A085BC10}.Release|Any CPU.Build.0 = Release|Any CPU
		{66DD2200-C3FD-499B-A6B7-9DDA2BEC7C2A}.Debug|Any CPU.ActiveCfg = Debug|Any CPU
		{66DD2200-C3FD-499B-A6B7-9DDA2BEC7C2A}.Debug|Any CPU.Build.0 = Debug|Any CPU
		{66DD2200-C3FD-499B-A6B7-9DDA2BEC7C2A}.Release|Any CPU.ActiveCfg = Release|Any CPU
		{66DD2200-C3FD-499B-A6B7-9DDA2BEC7C2A}.Release|Any CPU.Build.0 = Release|Any CPU
		{C01D9A83-E5DD-4BC4-8BEF-7B23924EC626}.Debug|Any CPU.ActiveCfg = Debug|Any CPU
		{C01D9A83-E5DD-4BC4-8BEF-7B23924EC626}.Debug|Any CPU.Build.0 = Debug|Any CPU
		{C01D9A83-E5DD-4BC4-8BEF-7B23924EC626}.Release|Any CPU.ActiveCfg = Release|Any CPU
		{C01D9A83-E5DD-4BC4-8BEF-7B23924EC626}.Release|Any CPU.Build.0 = Release|Any CPU
		{150CC226-53A6-4F84-94E2-184D11C71C2C}.Debug|Any CPU.ActiveCfg = Debug|Any CPU
		{150CC226-53A6-4F84-94E2-184D11C71C2C}.Debug|Any CPU.Build.0 = Debug|Any CPU
		{150CC226-53A6-4F84-94E2-184D11C71C2C}.Release|Any CPU.ActiveCfg = Release|Any CPU
		{150CC226-53A6-4F84-94E2-184D11C71C2C}.Release|Any CPU.Build.0 = Release|Any CPU
		{F3C57B0D-7D87-40F0-B5E4-D0599F4D8BD9}.Debug|Any CPU.ActiveCfg = Debug|Any CPU
		{F3C57B0D-7D87-40F0-B5E4-D0599F4D8BD9}.Debug|Any CPU.Build.0 = Debug|Any CPU
		{F3C57B0D-7D87-40F0-B5E4-D0599F4D8BD9}.Release|Any CPU.ActiveCfg = Release|Any CPU
		{F3C57B0D-7D87-40F0-B5E4-D0599F4D8BD9}.Release|Any CPU.Build.0 = Release|Any CPU
		{80BCC9D5-D989-4BFE-9AB2-463CAEF243FC}.Debug|Any CPU.ActiveCfg = Debug|Any CPU
		{80BCC9D5-D989-4BFE-9AB2-463CAEF243FC}.Debug|Any CPU.Build.0 = Debug|Any CPU
		{80BCC9D5-D989-4BFE-9AB2-463CAEF243FC}.Release|Any CPU.ActiveCfg = Release|Any CPU
		{80BCC9D5-D989-4BFE-9AB2-463CAEF243FC}.Release|Any CPU.Build.0 = Release|Any CPU
		{8ABBE250-F4E9-43D6-84DE-57F4191793B6}.Debug|Any CPU.ActiveCfg = Debug|Any CPU
		{8ABBE250-F4E9-43D6-84DE-57F4191793B6}.Debug|Any CPU.Build.0 = Debug|Any CPU
		{8ABBE250-F4E9-43D6-84DE-57F4191793B6}.Release|Any CPU.ActiveCfg = Release|Any CPU
		{8ABBE250-F4E9-43D6-84DE-57F4191793B6}.Release|Any CPU.Build.0 = Release|Any CPU
		{8845E857-A21F-403F-80E2-753C01480FDE}.Debug|Any CPU.ActiveCfg = Debug|Any CPU
		{8845E857-A21F-403F-80E2-753C01480FDE}.Debug|Any CPU.Build.0 = Debug|Any CPU
		{8845E857-A21F-403F-80E2-753C01480FDE}.Release|Any CPU.ActiveCfg = Release|Any CPU
		{8845E857-A21F-403F-80E2-753C01480FDE}.Release|Any CPU.Build.0 = Release|Any CPU
		{A2A34D94-1E59-4259-AC58-B121BB88D875}.Debug|Any CPU.ActiveCfg = Debug|Any CPU
		{A2A34D94-1E59-4259-AC58-B121BB88D875}.Debug|Any CPU.Build.0 = Debug|Any CPU
		{A2A34D94-1E59-4259-AC58-B121BB88D875}.Release|Any CPU.ActiveCfg = Release|Any CPU
		{A2A34D94-1E59-4259-AC58-B121BB88D875}.Release|Any CPU.Build.0 = Release|Any CPU
		{6F998DC1-79A6-4657-A70C-E0AF22A52012}.Debug|Any CPU.ActiveCfg = Debug|Any CPU
		{6F998DC1-79A6-4657-A70C-E0AF22A52012}.Debug|Any CPU.Build.0 = Debug|Any CPU
		{6F998DC1-79A6-4657-A70C-E0AF22A52012}.Release|Any CPU.ActiveCfg = Release|Any CPU
		{6F998DC1-79A6-4657-A70C-E0AF22A52012}.Release|Any CPU.Build.0 = Release|Any CPU
		{F9DE82FA-1920-4C4A-8E9F-00C7BECE0913}.Debug|Any CPU.ActiveCfg = Debug|Any CPU
		{F9DE82FA-1920-4C4A-8E9F-00C7BECE0913}.Debug|Any CPU.Build.0 = Debug|Any CPU
		{F9DE82FA-1920-4C4A-8E9F-00C7BECE0913}.Release|Any CPU.ActiveCfg = Release|Any CPU
		{F9DE82FA-1920-4C4A-8E9F-00C7BECE0913}.Release|Any CPU.Build.0 = Release|Any CPU
		{CB375AE5-E688-475B-A1AB-1BD190DB53FF}.Debug|Any CPU.ActiveCfg = Debug|Any CPU
		{CB375AE5-E688-475B-A1AB-1BD190DB53FF}.Debug|Any CPU.Build.0 = Debug|Any CPU
		{CB375AE5-E688-475B-A1AB-1BD190DB53FF}.Release|Any CPU.ActiveCfg = Release|Any CPU
		{CB375AE5-E688-475B-A1AB-1BD190DB53FF}.Release|Any CPU.Build.0 = Release|Any CPU
		{E961FFE4-443A-4100-AA80-2DC3DF43ED72}.Debug|Any CPU.ActiveCfg = Debug|Any CPU
		{E961FFE4-443A-4100-AA80-2DC3DF43ED72}.Debug|Any CPU.Build.0 = Debug|Any CPU
		{E961FFE4-443A-4100-AA80-2DC3DF43ED72}.Release|Any CPU.ActiveCfg = Release|Any CPU
		{E961FFE4-443A-4100-AA80-2DC3DF43ED72}.Release|Any CPU.Build.0 = Release|Any CPU
		{B7D9F726-4CE1-413D-8ADC-E00106C03CA8}.Debug|Any CPU.ActiveCfg = Debug|Any CPU
		{B7D9F726-4CE1-413D-8ADC-E00106C03CA8}.Debug|Any CPU.Build.0 = Debug|Any CPU
		{B7D9F726-4CE1-413D-8ADC-E00106C03CA8}.Release|Any CPU.ActiveCfg = Release|Any CPU
		{B7D9F726-4CE1-413D-8ADC-E00106C03CA8}.Release|Any CPU.Build.0 = Release|Any CPU
		{9A56B231-7AE7-4D51-AEC2-6E7AC29CC84F}.Debug|Any CPU.ActiveCfg = Debug|Any CPU
		{9A56B231-7AE7-4D51-AEC2-6E7AC29CC84F}.Debug|Any CPU.Build.0 = Debug|Any CPU
		{9A56B231-7AE7-4D51-AEC2-6E7AC29CC84F}.Release|Any CPU.ActiveCfg = Release|Any CPU
		{9A56B231-7AE7-4D51-AEC2-6E7AC29CC84F}.Release|Any CPU.Build.0 = Release|Any CPU
		{A30B1173-6578-49F3-A1AD-CAF64C07EB44}.Debug|Any CPU.ActiveCfg = Debug|Any CPU
		{A30B1173-6578-49F3-A1AD-CAF64C07EB44}.Debug|Any CPU.Build.0 = Debug|Any CPU
		{A30B1173-6578-49F3-A1AD-CAF64C07EB44}.Release|Any CPU.ActiveCfg = Release|Any CPU
		{A30B1173-6578-49F3-A1AD-CAF64C07EB44}.Release|Any CPU.Build.0 = Release|Any CPU
		{A89DD962-DA0A-4883-AB7A-90AE02AFCA45}.Debug|Any CPU.ActiveCfg = Debug|Any CPU
		{A89DD962-DA0A-4883-AB7A-90AE02AFCA45}.Debug|Any CPU.Build.0 = Debug|Any CPU
		{A89DD962-DA0A-4883-AB7A-90AE02AFCA45}.Release|Any CPU.ActiveCfg = Release|Any CPU
		{A89DD962-DA0A-4883-AB7A-90AE02AFCA45}.Release|Any CPU.Build.0 = Release|Any CPU
		{367111D3-DE05-469F-B445-0779629CBFF3}.Debug|Any CPU.ActiveCfg = Debug|Any CPU
		{367111D3-DE05-469F-B445-0779629CBFF3}.Debug|Any CPU.Build.0 = Debug|Any CPU
		{367111D3-DE05-469F-B445-0779629CBFF3}.Release|Any CPU.ActiveCfg = Release|Any CPU
		{367111D3-DE05-469F-B445-0779629CBFF3}.Release|Any CPU.Build.0 = Release|Any CPU
		{04F924CD-3803-43B2-A7BB-27646147216B}.Debug|Any CPU.ActiveCfg = Debug|Any CPU
		{04F924CD-3803-43B2-A7BB-27646147216B}.Debug|Any CPU.Build.0 = Debug|Any CPU
		{04F924CD-3803-43B2-A7BB-27646147216B}.Release|Any CPU.ActiveCfg = Release|Any CPU
		{04F924CD-3803-43B2-A7BB-27646147216B}.Release|Any CPU.Build.0 = Release|Any CPU
		{1F8F143B-25C2-4B7C-BAFD-0728440C3CB1}.Debug|Any CPU.ActiveCfg = Debug|Any CPU
		{1F8F143B-25C2-4B7C-BAFD-0728440C3CB1}.Debug|Any CPU.Build.0 = Debug|Any CPU
		{1F8F143B-25C2-4B7C-BAFD-0728440C3CB1}.Release|Any CPU.ActiveCfg = Release|Any CPU
		{1F8F143B-25C2-4B7C-BAFD-0728440C3CB1}.Release|Any CPU.Build.0 = Release|Any CPU
		{9B951B68-136B-486D-B6A1-8BE812D8039D}.Debug|Any CPU.ActiveCfg = Debug|Any CPU
		{9B951B68-136B-486D-B6A1-8BE812D8039D}.Debug|Any CPU.Build.0 = Debug|Any CPU
		{9B951B68-136B-486D-B6A1-8BE812D8039D}.Release|Any CPU.ActiveCfg = Release|Any CPU
		{9B951B68-136B-486D-B6A1-8BE812D8039D}.Release|Any CPU.Build.0 = Release|Any CPU
		{18F32F4B-9917-454D-88F4-561F6C90D8A4}.Debug|Any CPU.ActiveCfg = Debug|Any CPU
		{18F32F4B-9917-454D-88F4-561F6C90D8A4}.Debug|Any CPU.Build.0 = Debug|Any CPU
		{18F32F4B-9917-454D-88F4-561F6C90D8A4}.Release|Any CPU.ActiveCfg = Release|Any CPU
		{18F32F4B-9917-454D-88F4-561F6C90D8A4}.Release|Any CPU.Build.0 = Release|Any CPU
		{85CD4170-182C-470C-AFC0-307CA2141293}.Debug|Any CPU.ActiveCfg = Debug|Any CPU
		{85CD4170-182C-470C-AFC0-307CA2141293}.Debug|Any CPU.Build.0 = Debug|Any CPU
		{85CD4170-182C-470C-AFC0-307CA2141293}.Release|Any CPU.ActiveCfg = Release|Any CPU
		{85CD4170-182C-470C-AFC0-307CA2141293}.Release|Any CPU.Build.0 = Release|Any CPU
		{1BE8E495-22D7-480B-9A15-501D84D3C64E}.Debug|Any CPU.ActiveCfg = Debug|Any CPU
		{1BE8E495-22D7-480B-9A15-501D84D3C64E}.Debug|Any CPU.Build.0 = Debug|Any CPU
		{1BE8E495-22D7-480B-9A15-501D84D3C64E}.Release|Any CPU.ActiveCfg = Release|Any CPU
		{1BE8E495-22D7-480B-9A15-501D84D3C64E}.Release|Any CPU.Build.0 = Release|Any CPU
		{8906A472-122B-42CD-952E-DF3E4CF50506}.Debug|Any CPU.ActiveCfg = Debug|Any CPU
		{8906A472-122B-42CD-952E-DF3E4CF50506}.Debug|Any CPU.Build.0 = Debug|Any CPU
		{8906A472-122B-42CD-952E-DF3E4CF50506}.Release|Any CPU.ActiveCfg = Release|Any CPU
		{8906A472-122B-42CD-952E-DF3E4CF50506}.Release|Any CPU.Build.0 = Release|Any CPU
		{394D65F5-C918-42B1-8156-3FB86A952665}.Debug|Any CPU.ActiveCfg = Debug|Any CPU
		{394D65F5-C918-42B1-8156-3FB86A952665}.Debug|Any CPU.Build.0 = Debug|Any CPU
		{394D65F5-C918-42B1-8156-3FB86A952665}.Release|Any CPU.ActiveCfg = Release|Any CPU
		{394D65F5-C918-42B1-8156-3FB86A952665}.Release|Any CPU.Build.0 = Release|Any CPU
		{55E9623A-A8DD-48F2-8E1E-DBC57180E6C3}.Debug|Any CPU.ActiveCfg = Debug|Any CPU
		{55E9623A-A8DD-48F2-8E1E-DBC57180E6C3}.Debug|Any CPU.Build.0 = Debug|Any CPU
		{55E9623A-A8DD-48F2-8E1E-DBC57180E6C3}.Release|Any CPU.ActiveCfg = Release|Any CPU
		{55E9623A-A8DD-48F2-8E1E-DBC57180E6C3}.Release|Any CPU.Build.0 = Release|Any CPU
		{6B6194E0-5A86-4FFA-95D1-B1CC98012642}.Debug|Any CPU.ActiveCfg = Debug|Any CPU
		{6B6194E0-5A86-4FFA-95D1-B1CC98012642}.Debug|Any CPU.Build.0 = Debug|Any CPU
		{6B6194E0-5A86-4FFA-95D1-B1CC98012642}.Release|Any CPU.ActiveCfg = Release|Any CPU
		{6B6194E0-5A86-4FFA-95D1-B1CC98012642}.Release|Any CPU.Build.0 = Release|Any CPU
		{E7EE6D79-1DAF-4F99-8CC1-3AA10FED656A}.Debug|Any CPU.ActiveCfg = Debug|Any CPU
		{E7EE6D79-1DAF-4F99-8CC1-3AA10FED656A}.Debug|Any CPU.Build.0 = Debug|Any CPU
		{E7EE6D79-1DAF-4F99-8CC1-3AA10FED656A}.Release|Any CPU.ActiveCfg = Release|Any CPU
		{E7EE6D79-1DAF-4F99-8CC1-3AA10FED656A}.Release|Any CPU.Build.0 = Release|Any CPU
		{4AC037B8-E0AC-4B4D-BFC1-CB56B69E3424}.Debug|Any CPU.ActiveCfg = Debug|Any CPU
		{4AC037B8-E0AC-4B4D-BFC1-CB56B69E3424}.Debug|Any CPU.Build.0 = Debug|Any CPU
		{4AC037B8-E0AC-4B4D-BFC1-CB56B69E3424}.Release|Any CPU.ActiveCfg = Release|Any CPU
		{4AC037B8-E0AC-4B4D-BFC1-CB56B69E3424}.Release|Any CPU.Build.0 = Release|Any CPU
		{CD9A0F6F-E452-4FCA-9104-0D7D9077BD21}.Debug|Any CPU.ActiveCfg = Debug|Any CPU
		{CD9A0F6F-E452-4FCA-9104-0D7D9077BD21}.Debug|Any CPU.Build.0 = Debug|Any CPU
		{CD9A0F6F-E452-4FCA-9104-0D7D9077BD21}.Release|Any CPU.ActiveCfg = Release|Any CPU
		{CD9A0F6F-E452-4FCA-9104-0D7D9077BD21}.Release|Any CPU.Build.0 = Release|Any CPU
		{E1610AE7-28F8-49C2-A4EC-A7C966C8E02A}.Debug|Any CPU.ActiveCfg = Debug|Any CPU
		{E1610AE7-28F8-49C2-A4EC-A7C966C8E02A}.Debug|Any CPU.Build.0 = Debug|Any CPU
		{E1610AE7-28F8-49C2-A4EC-A7C966C8E02A}.Release|Any CPU.ActiveCfg = Release|Any CPU
		{E1610AE7-28F8-49C2-A4EC-A7C966C8E02A}.Release|Any CPU.Build.0 = Release|Any CPU
		{C6DA084B-ECFB-49EB-8C02-EE3DFEFC86B5}.Debug|Any CPU.ActiveCfg = Debug|Any CPU
		{C6DA084B-ECFB-49EB-8C02-EE3DFEFC86B5}.Debug|Any CPU.Build.0 = Debug|Any CPU
		{C6DA084B-ECFB-49EB-8C02-EE3DFEFC86B5}.Release|Any CPU.ActiveCfg = Release|Any CPU
		{C6DA084B-ECFB-49EB-8C02-EE3DFEFC86B5}.Release|Any CPU.Build.0 = Release|Any CPU
		{D8E12E9F-35CB-41A0-822B-1832C168CDF3}.Debug|Any CPU.ActiveCfg = Debug|Any CPU
		{D8E12E9F-35CB-41A0-822B-1832C168CDF3}.Debug|Any CPU.Build.0 = Debug|Any CPU
		{D8E12E9F-35CB-41A0-822B-1832C168CDF3}.Release|Any CPU.ActiveCfg = Release|Any CPU
		{D8E12E9F-35CB-41A0-822B-1832C168CDF3}.Release|Any CPU.Build.0 = Release|Any CPU
		{D27F233B-9E0F-4C37-B4C7-CE5DC36B2BFD}.Debug|Any CPU.ActiveCfg = Debug|Any CPU
		{D27F233B-9E0F-4C37-B4C7-CE5DC36B2BFD}.Debug|Any CPU.Build.0 = Debug|Any CPU
		{D27F233B-9E0F-4C37-B4C7-CE5DC36B2BFD}.Release|Any CPU.ActiveCfg = Release|Any CPU
		{D27F233B-9E0F-4C37-B4C7-CE5DC36B2BFD}.Release|Any CPU.Build.0 = Release|Any CPU
		{3CAAAE61-0995-4B80-A58D-8577173B1D04}.Debug|Any CPU.ActiveCfg = Debug|Any CPU
		{3CAAAE61-0995-4B80-A58D-8577173B1D04}.Debug|Any CPU.Build.0 = Debug|Any CPU
		{3CAAAE61-0995-4B80-A58D-8577173B1D04}.Release|Any CPU.ActiveCfg = Release|Any CPU
		{3CAAAE61-0995-4B80-A58D-8577173B1D04}.Release|Any CPU.Build.0 = Release|Any CPU
		{D92C5126-CD13-4430-AB63-13000DF5B151}.Debug|Any CPU.ActiveCfg = Debug|Any CPU
		{D92C5126-CD13-4430-AB63-13000DF5B151}.Debug|Any CPU.Build.0 = Debug|Any CPU
		{D92C5126-CD13-4430-AB63-13000DF5B151}.Release|Any CPU.ActiveCfg = Release|Any CPU
		{D92C5126-CD13-4430-AB63-13000DF5B151}.Release|Any CPU.Build.0 = Release|Any CPU
		{B02BB985-DFE5-434D-ABBA-DEE0ECB28735}.Debug|Any CPU.ActiveCfg = Debug|Any CPU
		{B02BB985-DFE5-434D-ABBA-DEE0ECB28735}.Debug|Any CPU.Build.0 = Debug|Any CPU
		{B02BB985-DFE5-434D-ABBA-DEE0ECB28735}.Release|Any CPU.ActiveCfg = Release|Any CPU
		{B02BB985-DFE5-434D-ABBA-DEE0ECB28735}.Release|Any CPU.Build.0 = Release|Any CPU
		{90CBA055-696A-4878-97DA-A3CC0618BA6E}.Debug|Any CPU.ActiveCfg = Debug|Any CPU
		{90CBA055-696A-4878-97DA-A3CC0618BA6E}.Debug|Any CPU.Build.0 = Debug|Any CPU
		{90CBA055-696A-4878-97DA-A3CC0618BA6E}.Release|Any CPU.ActiveCfg = Release|Any CPU
		{90CBA055-696A-4878-97DA-A3CC0618BA6E}.Release|Any CPU.Build.0 = Release|Any CPU
		{399DF78C-ED38-477C-906B-497DCC076612}.Debug|Any CPU.ActiveCfg = Debug|Any CPU
		{399DF78C-ED38-477C-906B-497DCC076612}.Debug|Any CPU.Build.0 = Debug|Any CPU
		{399DF78C-ED38-477C-906B-497DCC076612}.Release|Any CPU.ActiveCfg = Release|Any CPU
		{399DF78C-ED38-477C-906B-497DCC076612}.Release|Any CPU.Build.0 = Release|Any CPU
		{BDD04791-A2AA-4F73-AD2B-A28686183A4B}.Debug|Any CPU.ActiveCfg = Debug|Any CPU
		{BDD04791-A2AA-4F73-AD2B-A28686183A4B}.Debug|Any CPU.Build.0 = Debug|Any CPU
		{BDD04791-A2AA-4F73-AD2B-A28686183A4B}.Release|Any CPU.ActiveCfg = Release|Any CPU
		{BDD04791-A2AA-4F73-AD2B-A28686183A4B}.Release|Any CPU.Build.0 = Release|Any CPU
		{7347D980-5267-4E4A-8C74-7530DF816456}.Debug|Any CPU.ActiveCfg = Debug|Any CPU
		{7347D980-5267-4E4A-8C74-7530DF816456}.Debug|Any CPU.Build.0 = Debug|Any CPU
		{7347D980-5267-4E4A-8C74-7530DF816456}.Release|Any CPU.ActiveCfg = Release|Any CPU
		{7347D980-5267-4E4A-8C74-7530DF816456}.Release|Any CPU.Build.0 = Release|Any CPU
		{84E4F4FB-0512-4E93-956A-3F1DADC5039B}.Debug|Any CPU.ActiveCfg = Debug|Any CPU
		{84E4F4FB-0512-4E93-956A-3F1DADC5039B}.Debug|Any CPU.Build.0 = Debug|Any CPU
		{84E4F4FB-0512-4E93-956A-3F1DADC5039B}.Release|Any CPU.ActiveCfg = Release|Any CPU
		{84E4F4FB-0512-4E93-956A-3F1DADC5039B}.Release|Any CPU.Build.0 = Release|Any CPU
	EndGlobalSection
	GlobalSection(SolutionProperties) = preSolution
		HideSolutionNode = FALSE
	EndGlobalSection
	GlobalSection(ExtensibilityGlobals) = postSolution
		SolutionGuid = {ECF8963E-18A6-48C4-BF5F-62C0FA67501A}
	EndGlobalSection
EndGlobal
